{
	"name": "@docs.page/init",
	"version": "1.0.5",
	"lockfileVersion": 3,
	"requires": true,
	"packages": {
		"": {
			"name": "@docs.page/init",
			"version": "1.0.5",
			"license": "Apache-2.0",
			"dependencies": {
				"typescript": "^4.5.4"
			},
			"bin": {
				"init": "dist/index.js"
			},
			"devDependencies": {
				"@types/node": "^20.14.9"
			}
		},
		"node_modules/@types/node": {
			"version": "20.14.9",
			"resolved": "https://registry.npmjs.org/@types/node/-/node-20.14.9.tgz",
			"integrity": "sha512-06OCtnTXtWOZBJlRApleWndH4JsRVs1pDCc8dLSQp+7PpUpX3ePdHyeNSFTeSe7FtKyQkrlPvHwJOW3SLd8Oyg==",
			"dev": true,
			"dependencies": {
				"undici-types": "~5.26.4"
			}
		},
		"node_modules/typescript": {
			"version": "4.9.5",
			"resolved": "https://registry.npmjs.org/typescript/-/typescript-4.9.5.tgz",
			"integrity": "sha512-1FXk9E2Hm+QzZQ7z+McJiHL4NW1F2EzMu9Nq9i3zAaGqibafqYwCVU6WyWAuyQRRzOlxou8xZSyXLEN8oKj24g==",
			"bin": {
				"tsc": "bin/tsc",
				"tsserver": "bin/tsserver"
			},
			"engines": {
				"node": ">=4.2.0"
			}
		},
		"node_modules/undici-types": {
			"version": "5.26.5",
			"resolved": "https://registry.npmjs.org/undici-types/-/undici-types-5.26.5.tgz",
			"integrity": "sha512-JlCMO+ehdEIKqlFxk6IfVoAUVmgz7cU7zD/h9XZ0qzeosSHmUJVOzSQvvYSYWXkFXC+IfLKSIffhv0sVZup6pA==",
			"dev": true
		}
	}
}
