{
  "name": "docs.page",
  "version": "0.0.0",
  "lockfileVersion": 1,
  "requires": true,
  "dependencies": {
    "@headlessui/react": {
      "version": "1.7.4",
      "resolved": "https://registry.npmjs.org/@headlessui/react/-/react-1.7.4.tgz",
      "integrity": "sha512-D8n5yGCF3WIkPsjEYeM8knn9jQ70bigGGb5aUvN6y4BGxcT3OcOQOKcM3zRGllRCZCFxCZyQvYJF6ZE7bQUOyQ==",
      "requires": {
        "client-only": "^0.0.1"
      }
    },
    "client-only": {
      "version": "0.0.1",
      "resolved": "https://registry.npmjs.org/client-only/-/client-only-0.0.1.tgz",
      "integrity": "sha512-IV3Ou0jSMzZrd3pZ48nLkT9DA7Ag1pnPzaiQhpW7c3RbcqqzvzzVu+L8gfqMp/8IM2MQtSiqaCxrrcfu8I8rMA=="
    }
  }
}
