{
  "name": "docs-page-og",
  "version": "1.0.0",
  "lockfileVersion": 2,
  "requires": true,
  "packages": {
    "": {
      "name": "docs-page-og",
      "version": "1.0.0",
      "license": "Apache-2.0",
      "dependencies": {
        "@vercel/og": "^0.0.21"
      }
    },
    "node_modules/@resvg/resvg-wasm": {
      "version": "2.0.0-alpha.4",
      "resolved": "https://registry.npmjs.org/@resvg/resvg-wasm/-/resvg-wasm-2.0.0-alpha.4.tgz",
      "integrity": "sha512-pWIG9a/x1ky8gXKRhPH1OPKpHFoMN1ISLbJ+O+gPXQHIAKhNd5I28RlWf7q576hAOQA9JZTlo3p/M2uyLzJmmw==",
      "engines": {
        "node": ">= 10"
      }
    },
    "node_modules/@shuding/opentype.js": {
      "version": "1.4.0-beta.0",
      "resolved": "https://registry.npmjs.org/@shuding/opentype.js/-/opentype.js-1.4.0-beta.0.tgz",
      "integrity": "sha512-3NgmNyH3l/Hv6EvsWJbsvpcpUba6R8IREQ83nH83cyakCw7uM1arZKNfHwv1Wz6jgqrF/j4x5ELvR6PnK9nTcA==",
      "dependencies": {
        "fflate": "^0.7.3",
        "string.prototype.codepointat": "^0.2.1"
      },
      "bin": {
        "ot": "bin/ot"
      },
      "engines": {
        "node": ">= 8.0.0"
      }
    },
    "node_modules/@types/yoga-layout": {
      "version": "1.9.2",
      "resolved": "https://registry.npmjs.org/@types/yoga-layout/-/yoga-layout-1.9.2.tgz",
      "integrity": "sha512-S9q47ByT2pPvD65IvrWp7qppVMpk9WGMbVq9wbWZOHg6tnXSD4vyhao6nOSBwwfDdV2p3Kx9evA9vI+XWTfDvw=="
    },
    "node_modules/@vercel/og": {
      "version": "0.0.21",
      "resolved": "https://registry.npmjs.org/@vercel/og/-/og-0.0.21.tgz",
      "integrity": "sha512-WgMahG5c8UM7xtn/mT+ljUpDMSDnSlu8AXL52JtTwxb1odrd0GWqZg2N1X38wulPj+sCccNpDdFmmAuw0GLc+Q==",
      "dependencies": {
        "@resvg/resvg-wasm": "2.0.0-alpha.4",
        "satori": "0.0.44",
        "yoga-wasm-web": "0.1.2"
      },
      "engines": {
        "node": ">=16"
      }
    },
    "node_modules/camelize": {
      "version": "1.0.1",
      "resolved": "https://registry.npmjs.org/camelize/-/camelize-1.0.1.tgz",
      "integrity": "sha512-dU+Tx2fsypxTgtLoE36npi3UqcjSSMNYfkqgmoEhtZrraP5VWq0K7FkWVTYa8eMPtnU/G2txVsfdCJTn9uzpuQ==",
      "funding": {
        "url": "https://github.com/sponsors/ljharb"
      }
    },
    "node_modules/css-background-parser": {
      "version": "0.1.0",
      "resolved": "https://registry.npmjs.org/css-background-parser/-/css-background-parser-0.1.0.tgz",
      "integrity": "sha512-2EZLisiZQ+7m4wwur/qiYJRniHX4K5Tc9w93MT3AS0WS1u5kaZ4FKXlOTBhOjc+CgEgPiGY+fX1yWD8UwpEqUA=="
    },
    "node_modules/css-box-shadow": {
      "version": "1.0.0-3",
      "resolved": "https://registry.npmjs.org/css-box-shadow/-/css-box-shadow-1.0.0-3.tgz",
      "integrity": "sha512-9jaqR6e7Ohds+aWwmhe6wILJ99xYQbfmK9QQB9CcMjDbTxPZjwEmUQpU91OG05Xgm8BahT5fW+svbsQGjS/zPg=="
    },
    "node_modules/css-color-keywords": {
      "version": "1.0.0",
      "resolved": "https://registry.npmjs.org/css-color-keywords/-/css-color-keywords-1.0.0.tgz",
      "integrity": "sha512-FyyrDHZKEjXDpNJYvVsV960FiqQyXc/LlYmsxl2BcdMb2WPx0OGRVgTg55rPSyLSNMqP52R9r8geSp7apN3Ofg==",
      "engines": {
        "node": ">=4"
      }
    },
    "node_modules/css-to-react-native": {
      "version": "3.0.0",
      "resolved": "https://registry.npmjs.org/css-to-react-native/-/css-to-react-native-3.0.0.tgz",
      "integrity": "sha512-Ro1yETZA813eoyUp2GDBhG2j+YggidUmzO1/v9eYBKR2EHVEniE2MI/NqpTQ954BMpTPZFsGNPm46qFB9dpaPQ==",
      "dependencies": {
        "camelize": "^1.0.0",
        "css-color-keywords": "^1.0.0",
        "postcss-value-parser": "^4.0.2"
      }
    },
    "node_modules/emoji-regex": {
      "version": "10.2.1",
      "resolved": "https://registry.npmjs.org/emoji-regex/-/emoji-regex-10.2.1.tgz",
      "integrity": "sha512-97g6QgOk8zlDRdgq1WxwgTMgEWGVAQvB5Fdpgc1MkNy56la5SKP9GsMXKDOdqwn90/41a8yPwIGk1Y6WVbeMQA=="
    },
    "node_modules/fflate": {
      "version": "0.7.4",
      "resolved": "https://registry.npmjs.org/fflate/-/fflate-0.7.4.tgz",
      "integrity": "sha512-5u2V/CDW15QM1XbbgS+0DfPxVB+jUKhWEKuuFuHncbk3tEEqzmoXL+2KyOFuKGqOnmdIy0/davWF1CkuwtibCw=="
    },
    "node_modules/postcss-value-parser": {
      "version": "4.2.0",
      "resolved": "https://registry.npmjs.org/postcss-value-parser/-/postcss-value-parser-4.2.0.tgz",
      "integrity": "sha512-1NNCs6uurfkVbeXG4S8JFT9t19m45ICnif8zWLd5oPSZ50QnwMfK+H3jv408d4jw/7Bttv5axS5IiHoLaVNHeQ=="
    },
    "node_modules/satori": {
      "version": "0.0.44",
      "resolved": "https://registry.npmjs.org/satori/-/satori-0.0.44.tgz",
      "integrity": "sha512-WKUxXC2qeyno6J3ucwwLozPL6j1HXOZiN5wIUf7iqAhlx1RUC/6ePIKHi7iPc3Cy6DYuZcJriZXxXkSdo2FQHg==",
      "dependencies": {
        "@shuding/opentype.js": "1.4.0-beta.0",
        "css-background-parser": "^0.1.0",
        "css-box-shadow": "1.0.0-3",
        "css-to-react-native": "^3.0.0",
        "emoji-regex": "^10.2.1",
        "postcss-value-parser": "^4.2.0",
        "yoga-layout-prebuilt": "^1.10.0"
      },
      "engines": {
        "node": ">=16"
      }
    },
    "node_modules/string.prototype.codepointat": {
      "version": "0.2.1",
      "resolved": "https://registry.npmjs.org/string.prototype.codepointat/-/string.prototype.codepointat-0.2.1.tgz",
      "integrity": "sha512-2cBVCj6I4IOvEnjgO/hWqXjqBGsY+zwPmHl12Srk9IXSZ56Jwwmy+66XO5Iut/oQVR7t5ihYdLB0GMa4alEUcg=="
    },
    "node_modules/yoga-layout-prebuilt": {
      "version": "1.10.0",
      "resolved": "https://registry.npmjs.org/yoga-layout-prebuilt/-/yoga-layout-prebuilt-1.10.0.tgz",
      "integrity": "sha512-YnOmtSbv4MTf7RGJMK0FvZ+KD8OEe/J5BNnR0GHhD8J/XcG/Qvxgszm0Un6FTHWW4uHlTgP0IztiXQnGyIR45g==",
      "dependencies": {
        "@types/yoga-layout": "1.9.2"
      },
      "engines": {
        "node": ">=8"
      }
    },
    "node_modules/yoga-wasm-web": {
      "version": "0.1.2",
      "resolved": "https://registry.npmjs.org/yoga-wasm-web/-/yoga-wasm-web-0.1.2.tgz",
      "integrity": "sha512-8SkgawHcA0RUbMrnhxbaQkZDBi8rMed8pQHixkFF9w32zGhAwZ9/cOHWlpYfr6RCx42Yp3siV45/jPEkJxsk6w=="
    }
  },
  "dependencies": {
    "@resvg/resvg-wasm": {
      "version": "2.0.0-alpha.4",
      "resolved": "https://registry.npmjs.org/@resvg/resvg-wasm/-/resvg-wasm-2.0.0-alpha.4.tgz",
      "integrity": "sha512-pWIG9a/x1ky8gXKRhPH1OPKpHFoMN1ISLbJ+O+gPXQHIAKhNd5I28RlWf7q576hAOQA9JZTlo3p/M2uyLzJmmw=="
    },
    "@shuding/opentype.js": {
      "version": "1.4.0-beta.0",
      "resolved": "https://registry.npmjs.org/@shuding/opentype.js/-/opentype.js-1.4.0-beta.0.tgz",
      "integrity": "sha512-3NgmNyH3l/Hv6EvsWJbsvpcpUba6R8IREQ83nH83cyakCw7uM1arZKNfHwv1Wz6jgqrF/j4x5ELvR6PnK9nTcA==",
      "requires": {
        "fflate": "^0.7.3",
        "string.prototype.codepointat": "^0.2.1"
      }
    },
    "@types/yoga-layout": {
      "version": "1.9.2",
      "resolved": "https://registry.npmjs.org/@types/yoga-layout/-/yoga-layout-1.9.2.tgz",
      "integrity": "sha512-S9q47ByT2pPvD65IvrWp7qppVMpk9WGMbVq9wbWZOHg6tnXSD4vyhao6nOSBwwfDdV2p3Kx9evA9vI+XWTfDvw=="
    },
    "@vercel/og": {
      "version": "0.0.21",
      "resolved": "https://registry.npmjs.org/@vercel/og/-/og-0.0.21.tgz",
      "integrity": "sha512-WgMahG5c8UM7xtn/mT+ljUpDMSDnSlu8AXL52JtTwxb1odrd0GWqZg2N1X38wulPj+sCccNpDdFmmAuw0GLc+Q==",
      "requires": {
        "@resvg/resvg-wasm": "2.0.0-alpha.4",
        "satori": "0.0.44",
        "yoga-wasm-web": "0.1.2"
      }
    },
    "camelize": {
      "version": "1.0.1",
      "resolved": "https://registry.npmjs.org/camelize/-/camelize-1.0.1.tgz",
      "integrity": "sha512-dU+Tx2fsypxTgtLoE36npi3UqcjSSMNYfkqgmoEhtZrraP5VWq0K7FkWVTYa8eMPtnU/G2txVsfdCJTn9uzpuQ=="
    },
    "css-background-parser": {
      "version": "0.1.0",
      "resolved": "https://registry.npmjs.org/css-background-parser/-/css-background-parser-0.1.0.tgz",
      "integrity": "sha512-2EZLisiZQ+7m4wwur/qiYJRniHX4K5Tc9w93MT3AS0WS1u5kaZ4FKXlOTBhOjc+CgEgPiGY+fX1yWD8UwpEqUA=="
    },
    "css-box-shadow": {
      "version": "1.0.0-3",
      "resolved": "https://registry.npmjs.org/css-box-shadow/-/css-box-shadow-1.0.0-3.tgz",
      "integrity": "sha512-9jaqR6e7Ohds+aWwmhe6wILJ99xYQbfmK9QQB9CcMjDbTxPZjwEmUQpU91OG05Xgm8BahT5fW+svbsQGjS/zPg=="
    },
    "css-color-keywords": {
      "version": "1.0.0",
      "resolved": "https://registry.npmjs.org/css-color-keywords/-/css-color-keywords-1.0.0.tgz",
      "integrity": "sha512-FyyrDHZKEjXDpNJYvVsV960FiqQyXc/LlYmsxl2BcdMb2WPx0OGRVgTg55rPSyLSNMqP52R9r8geSp7apN3Ofg=="
    },
    "css-to-react-native": {
      "version": "3.0.0",
      "resolved": "https://registry.npmjs.org/css-to-react-native/-/css-to-react-native-3.0.0.tgz",
      "integrity": "sha512-Ro1yETZA813eoyUp2GDBhG2j+YggidUmzO1/v9eYBKR2EHVEniE2MI/NqpTQ954BMpTPZFsGNPm46qFB9dpaPQ==",
      "requires": {
        "camelize": "^1.0.0",
        "css-color-keywords": "^1.0.0",
        "postcss-value-parser": "^4.0.2"
      }
    },
    "emoji-regex": {
      "version": "10.2.1",
      "resolved": "https://registry.npmjs.org/emoji-regex/-/emoji-regex-10.2.1.tgz",
      "integrity": "sha512-97g6QgOk8zlDRdgq1WxwgTMgEWGVAQvB5Fdpgc1MkNy56la5SKP9GsMXKDOdqwn90/41a8yPwIGk1Y6WVbeMQA=="
    },
    "fflate": {
      "version": "0.7.4",
      "resolved": "https://registry.npmjs.org/fflate/-/fflate-0.7.4.tgz",
      "integrity": "sha512-5u2V/CDW15QM1XbbgS+0DfPxVB+jUKhWEKuuFuHncbk3tEEqzmoXL+2KyOFuKGqOnmdIy0/davWF1CkuwtibCw=="
    },
    "postcss-value-parser": {
      "version": "4.2.0",
      "resolved": "https://registry.npmjs.org/postcss-value-parser/-/postcss-value-parser-4.2.0.tgz",
      "integrity": "sha512-1NNCs6uurfkVbeXG4S8JFT9t19m45ICnif8zWLd5oPSZ50QnwMfK+H3jv408d4jw/7Bttv5axS5IiHoLaVNHeQ=="
    },
    "satori": {
      "version": "0.0.44",
      "resolved": "https://registry.npmjs.org/satori/-/satori-0.0.44.tgz",
      "integrity": "sha512-WKUxXC2qeyno6J3ucwwLozPL6j1HXOZiN5wIUf7iqAhlx1RUC/6ePIKHi7iPc3Cy6DYuZcJriZXxXkSdo2FQHg==",
      "requires": {
        "@shuding/opentype.js": "1.4.0-beta.0",
        "css-background-parser": "^0.1.0",
        "css-box-shadow": "1.0.0-3",
        "css-to-react-native": "^3.0.0",
        "emoji-regex": "^10.2.1",
        "postcss-value-parser": "^4.2.0",
        "yoga-layout-prebuilt": "^1.10.0"
      }
    },
    "string.prototype.codepointat": {
      "version": "0.2.1",
      "resolved": "https://registry.npmjs.org/string.prototype.codepointat/-/string.prototype.codepointat-0.2.1.tgz",
      "integrity": "sha512-2cBVCj6I4IOvEnjgO/hWqXjqBGsY+zwPmHl12Srk9IXSZ56Jwwmy+66XO5Iut/oQVR7t5ihYdLB0GMa4alEUcg=="
    },
    "yoga-layout-prebuilt": {
      "version": "1.10.0",
      "resolved": "https://registry.npmjs.org/yoga-layout-prebuilt/-/yoga-layout-prebuilt-1.10.0.tgz",
      "integrity": "sha512-YnOmtSbv4MTf7RGJMK0FvZ+KD8OEe/J5BNnR0GHhD8J/XcG/Qvxgszm0Un6FTHWW4uHlTgP0IztiXQnGyIR45g==",
      "requires": {
        "@types/yoga-layout": "1.9.2"
      }
    },
    "yoga-wasm-web": {
      "version": "0.1.2",
      "resolved": "https://registry.npmjs.org/yoga-wasm-web/-/yoga-wasm-web-0.1.2.tgz",
      "integrity": "sha512-8SkgawHcA0RUbMrnhxbaQkZDBi8rMed8pQHixkFF9w32zGhAwZ9/cOHWlpYfr6RCx42Yp3siV45/jPEkJxsk6w=="
    }
  }
}
